
Microsoft Visual Studio Solution File, Format Version 12.00
# Visual Studio Version 16
VisualStudioVersion = 16.0.30204.135
MinimumVisualStudioVersion = 10.0.40219.1
Project("{FAE04EC0-301F-11D3-BF4B-00C04F79EFBC}") = "Employees.API", "Employees.API.csproj", "{8847C726-0D6E-49A3-85EE-CE31FF617100}"
EndProject
Project("{FAE04EC0-301F-11D3-BF4B-00C04F79EFBC}") = "Employees.Core", "..\Employees.Core\Employees.Core.csproj", "{03BA83CD-8819-47DC-ABEF-348A71E02203}"
EndProject
Project("{9A19103F-16F7-4668-BE54-9A1E7A4F7556}") = "Employees.Providers", "..\Employees.Providers\Employees.Providers.csproj", "{D1FAB380-025F-456B-BCE9-8F2C954ACAAB}"
EndProject
Global
	GlobalSection(SolutionConfigurationPlatforms) = preSolution
		Debug|Any CPU = Debug|Any CPU
		Release|Any CPU = Release|Any CPU
	EndGlobalSection
	GlobalSection(ProjectConfigurationPlatforms) = postSolution
		{8847C726-0D6E-49A3-85EE-CE31FF617100}.Debug|Any CPU.ActiveCfg = Debug|Any CPU
		{8847C726-0D6E-49A3-85EE-CE31FF617100}.Debug|Any CPU.Build.0 = Debug|Any CPU
		{8847C726-0D6E-49A3-85EE-CE31FF617100}.Release|Any CPU.ActiveCfg = Release|Any CPU
		{8847C726-0D6E-49A3-85EE-CE31FF617100}.Release|Any CPU.Build.0 = Release|Any CPU
		{03BA83CD-8819-47DC-ABEF-348A71E02203}.Debug|Any CPU.ActiveCfg = Debug|Any CPU
		{03BA83CD-8819-47DC-ABEF-348A71E02203}.Debug|Any CPU.Build.0 = Debug|Any CPU
		{03BA83CD-8819-47DC-ABEF-348A71E02203}.Release|Any CPU.ActiveCfg = Release|Any CPU
		{03BA83CD-8819-47DC-ABEF-348A71E02203}.Release|Any CPU.Build.0 = Release|Any CPU
		{D1FAB380-025F-456B-BCE9-8F2C954ACAAB}.Debug|Any CPU.ActiveCfg = Debug|Any CPU
		{D1FAB380-025F-456B-BCE9-8F2C954ACAAB}.Debug|Any CPU.Build.0 = Debug|Any CPU
		{D1FAB380-025F-456B-BCE9-8F2C954ACAAB}.Release|Any CPU.ActiveCfg = Release|Any CPU
		{D1FAB380-025F-456B-BCE9-8F2C954ACAAB}.Release|Any CPU.Build.0 = Release|Any CPU
	EndGlobalSection
	GlobalSection(SolutionProperties) = preSolution
		HideSolutionNode = FALSE
	EndGlobalSection
	GlobalSection(ExtensibilityGlobals) = postSolution
		SolutionGuid = {3A1F9601-79A5-491A-B694-8920950F101A}
	EndGlobalSection
EndGlobal
